
Microsoft Visual Studio Solution File, Format Version 12.00
# Visual Studio 2013
VisualStudioVersion = 12.0.30501.0
MinimumVisualStudioVersion = 10.0.40219.1
Project("{FAE04EC0-301F-11D3-BF4B-00C04F79EFBC}") = "Collections.Generic.UnitTests", "Collections.Generic.UnitTests.csproj", "{1B474F78-1981-4205-8BC1-DBC313CB5566}"
EndProject
Project("{FAE04EC0-301F-11D3-BF4B-00C04F79EFBC}") = "Collections.Generic", "..\..\Collections.Generic.csproj", "{1DC4D59B-9707-4912-B32F-D066E57D3528}"
EndProject
Project("{FAE04EC0-301F-11D3-BF4B-00C04F79EFBC}") = "Common", "..\..\..\Common\Common.csproj", "{DD93FCFF-3B20-4877-B00C-97905F718CDF}"
EndProject
Project("{FAE04EC0-301F-11D3-BF4B-00C04F79EFBC}") = "UnitTest.Common", "..\..\..\UnitTest\Common\UnitTest.Common.csproj", "{EE8AE933-72F1-46E3-9A7D-A5BB3C613E16}"
EndProject
Project("{FAE04EC0-301F-11D3-BF4B-00C04F79EFBC}") = "Collections.Generic.Trie.UnitTests", "..\..\Trie\Test\Collections.Generic.Trie.UnitTests\Collections.Generic.Trie.UnitTests.csproj", "{84284C14-F2EE-47E1-AD63-E001A98D5954}"
EndProject
Global
	GlobalSection(SolutionConfigurationPlatforms) = preSolution
		Debug|Any CPU = Debug|Any CPU
		Debug|Mixed Platforms = Debug|Mixed Platforms
		Debug|x86 = Debug|x86
		Release|Any CPU = Release|Any CPU
		Release|Mixed Platforms = Release|Mixed Platforms
		Release|x86 = Release|x86
		UnitTest|Any CPU = UnitTest|Any CPU
		UnitTest|Mixed Platforms = UnitTest|Mixed Platforms
		UnitTest|x86 = UnitTest|x86
	EndGlobalSection
	GlobalSection(ProjectConfigurationPlatforms) = postSolution
		{1B474F78-1981-4205-8BC1-DBC313CB5566}.Debug|Any CPU.ActiveCfg = Debug|Any CPU
		{1B474F78-1981-4205-8BC1-DBC313CB5566}.Debug|Any CPU.Build.0 = Debug|Any CPU
		{1B474F78-1981-4205-8BC1-DBC313CB5566}.Debug|Mixed Platforms.ActiveCfg = Debug|Any CPU
		{1B474F78-1981-4205-8BC1-DBC313CB5566}.Debug|Mixed Platforms.Build.0 = Debug|Any CPU
		{1B474F78-1981-4205-8BC1-DBC313CB5566}.Debug|x86.ActiveCfg = Debug|Any CPU
		{1B474F78-1981-4205-8BC1-DBC313CB5566}.Release|Any CPU.ActiveCfg = Release|Any CPU
		{1B474F78-1981-4205-8BC1-DBC313CB5566}.Release|Any CPU.Build.0 = Release|Any CPU
		{1B474F78-1981-4205-8BC1-DBC313CB5566}.Release|Mixed Platforms.ActiveCfg = Release|Any CPU
		{1B474F78-1981-4205-8BC1-DBC313CB5566}.Release|Mixed Platforms.Build.0 = Release|Any CPU
		{1B474F78-1981-4205-8BC1-DBC313CB5566}.Release|x86.ActiveCfg = Release|Any CPU
		{1B474F78-1981-4205-8BC1-DBC313CB5566}.UnitTest|Any CPU.ActiveCfg = Release|Any CPU
		{1B474F78-1981-4205-8BC1-DBC313CB5566}.UnitTest|Any CPU.Build.0 = Release|Any CPU
		{1B474F78-1981-4205-8BC1-DBC313CB5566}.UnitTest|Mixed Platforms.ActiveCfg = Release|Any CPU
		{1B474F78-1981-4205-8BC1-DBC313CB5566}.UnitTest|Mixed Platforms.Build.0 = Release|Any CPU
		{1B474F78-1981-4205-8BC1-DBC313CB5566}.UnitTest|x86.ActiveCfg = Release|Any CPU
		{1DC4D59B-9707-4912-B32F-D066E57D3528}.Debug|Any CPU.ActiveCfg = Debug|Any CPU
		{1DC4D59B-9707-4912-B32F-D066E57D3528}.Debug|Any CPU.Build.0 = Debug|Any CPU
		{1DC4D59B-9707-4912-B32F-D066E57D3528}.Debug|Mixed Platforms.ActiveCfg = Debug|Any CPU
		{1DC4D59B-9707-4912-B32F-D066E57D3528}.Debug|Mixed Platforms.Build.0 = Debug|Any CPU
		{1DC4D59B-9707-4912-B32F-D066E57D3528}.Debug|x86.ActiveCfg = Debug|Any CPU
		{1DC4D59B-9707-4912-B32F-D066E57D3528}.Release|Any CPU.ActiveCfg = Release|Any CPU
		{1DC4D59B-9707-4912-B32F-D066E57D3528}.Release|Any CPU.Build.0 = Release|Any CPU
		{1DC4D59B-9707-4912-B32F-D066E57D3528}.Release|Mixed Platforms.ActiveCfg = Release|Any CPU
		{1DC4D59B-9707-4912-B32F-D066E57D3528}.Release|Mixed Platforms.Build.0 = Release|Any CPU
		{1DC4D59B-9707-4912-B32F-D066E57D3528}.Release|x86.ActiveCfg = Release|Any CPU
		{1DC4D59B-9707-4912-B32F-D066E57D3528}.UnitTest|Any CPU.ActiveCfg = Release|Any CPU
		{1DC4D59B-9707-4912-B32F-D066E57D3528}.UnitTest|Any CPU.Build.0 = Release|Any CPU
		{1DC4D59B-9707-4912-B32F-D066E57D3528}.UnitTest|Mixed Platforms.ActiveCfg = Release|Any CPU
		{1DC4D59B-9707-4912-B32F-D066E57D3528}.UnitTest|Mixed Platforms.Build.0 = Release|Any CPU
		{1DC4D59B-9707-4912-B32F-D066E57D3528}.UnitTest|x86.ActiveCfg = Release|Any CPU
		{DD93FCFF-3B20-4877-B00C-97905F718CDF}.Debug|Any CPU.ActiveCfg = Debug|Any CPU
		{DD93FCFF-3B20-4877-B00C-97905F718CDF}.Debug|Any CPU.Build.0 = Debug|Any CPU
		{DD93FCFF-3B20-4877-B00C-97905F718CDF}.Debug|Mixed Platforms.ActiveCfg = Debug|Any CPU
		{DD93FCFF-3B20-4877-B00C-97905F718CDF}.Debug|Mixed Platforms.Build.0 = Debug|Any CPU
		{DD93FCFF-3B20-4877-B00C-97905F718CDF}.Debug|x86.ActiveCfg = Debug|Any CPU
		{DD93FCFF-3B20-4877-B00C-97905F718CDF}.Release|Any CPU.ActiveCfg = Release|Any CPU
		{DD93FCFF-3B20-4877-B00C-97905F718CDF}.Release|Any CPU.Build.0 = Release|Any CPU
		{DD93FCFF-3B20-4877-B00C-97905F718CDF}.Release|Mixed Platforms.ActiveCfg = Release|Any CPU
		{DD93FCFF-3B20-4877-B00C-97905F718CDF}.Release|Mixed Platforms.Build.0 = Release|Any CPU
		{DD93FCFF-3B20-4877-B00C-97905F718CDF}.Release|x86.ActiveCfg = Release|Any CPU
		{DD93FCFF-3B20-4877-B00C-97905F718CDF}.UnitTest|Any CPU.ActiveCfg = Release|Any CPU
		{DD93FCFF-3B20-4877-B00C-97905F718CDF}.UnitTest|Any CPU.Build.0 = Release|Any CPU
		{DD93FCFF-3B20-4877-B00C-97905F718CDF}.UnitTest|Mixed Platforms.ActiveCfg = Release|Any CPU
		{DD93FCFF-3B20-4877-B00C-97905F718CDF}.UnitTest|Mixed Platforms.Build.0 = Release|Any CPU
		{DD93FCFF-3B20-4877-B00C-97905F718CDF}.UnitTest|x86.ActiveCfg = Release|Any CPU
		{EE8AE933-72F1-46E3-9A7D-A5BB3C613E16}.Debug|Any CPU.ActiveCfg = Debug|Any CPU
		{EE8AE933-72F1-46E3-9A7D-A5BB3C613E16}.Debug|Any CPU.Build.0 = Debug|Any CPU
		{EE8AE933-72F1-46E3-9A7D-A5BB3C613E16}.Debug|Mixed Platforms.ActiveCfg = Debug|Any CPU
		{EE8AE933-72F1-46E3-9A7D-A5BB3C613E16}.Debug|Mixed Platforms.Build.0 = Debug|Any CPU
		{EE8AE933-72F1-46E3-9A7D-A5BB3C613E16}.Debug|x86.ActiveCfg = Debug|Any CPU
		{EE8AE933-72F1-46E3-9A7D-A5BB3C613E16}.Release|Any CPU.ActiveCfg = Release|Any CPU
		{EE8AE933-72F1-46E3-9A7D-A5BB3C613E16}.Release|Any CPU.Build.0 = Release|Any CPU
		{EE8AE933-72F1-46E3-9A7D-A5BB3C613E16}.Release|Mixed Platforms.ActiveCfg = Release|Any CPU
		{EE8AE933-72F1-46E3-9A7D-A5BB3C613E16}.Release|Mixed Platforms.Build.0 = Release|Any CPU
		{EE8AE933-72F1-46E3-9A7D-A5BB3C613E16}.Release|x86.ActiveCfg = Release|Any CPU
		{EE8AE933-72F1-46E3-9A7D-A5BB3C613E16}.UnitTest|Any CPU.ActiveCfg = Release|Any CPU
		{EE8AE933-72F1-46E3-9A7D-A5BB3C613E16}.UnitTest|Any CPU.Build.0 = Release|Any CPU
		{EE8AE933-72F1-46E3-9A7D-A5BB3C613E16}.UnitTest|Mixed Platforms.ActiveCfg = Release|Any CPU
		{EE8AE933-72F1-46E3-9A7D-A5BB3C613E16}.UnitTest|Mixed Platforms.Build.0 = Release|Any CPU
		{EE8AE933-72F1-46E3-9A7D-A5BB3C613E16}.UnitTest|x86.ActiveCfg = Release|Any CPU
		{84284C14-F2EE-47E1-AD63-E001A98D5954}.Debug|Any CPU.ActiveCfg = Debug|Any CPU
		{84284C14-F2EE-47E1-AD63-E001A98D5954}.Debug|Any CPU.Build.0 = Debug|Any CPU
		{84284C14-F2EE-47E1-AD63-E001A98D5954}.Debug|Mixed Platforms.ActiveCfg = Debug|Any CPU
		{84284C14-F2EE-47E1-AD63-E001A98D5954}.Debug|Mixed Platforms.Build.0 = Debug|Any CPU
		{84284C14-F2EE-47E1-AD63-E001A98D5954}.Debug|x86.ActiveCfg = Debug|Any CPU
		{84284C14-F2EE-47E1-AD63-E001A98D5954}.Release|Any CPU.ActiveCfg = Release|Any CPU
		{84284C14-F2EE-47E1-AD63-E001A98D5954}.Release|Any CPU.Build.0 = Release|Any CPU
		{84284C14-F2EE-47E1-AD63-E001A98D5954}.Release|Mixed Platforms.ActiveCfg = Release|Any CPU
		{84284C14-F2EE-47E1-AD63-E001A98D5954}.Release|Mixed Platforms.Build.0 = Release|Any CPU
		{84284C14-F2EE-47E1-AD63-E001A98D5954}.Release|x86.ActiveCfg = Release|Any CPU
		{84284C14-F2EE-47E1-AD63-E001A98D5954}.UnitTest|Any CPU.ActiveCfg = Release|Any CPU
		{84284C14-F2EE-47E1-AD63-E001A98D5954}.UnitTest|Any CPU.Build.0 = Release|Any CPU
		{84284C14-F2EE-47E1-AD63-E001A98D5954}.UnitTest|Mixed Platforms.ActiveCfg = Release|Any CPU
		{84284C14-F2EE-47E1-AD63-E001A98D5954}.UnitTest|Mixed Platforms.Build.0 = Release|Any CPU
		{84284C14-F2EE-47E1-AD63-E001A98D5954}.UnitTest|x86.ActiveCfg = Release|Any CPU
	EndGlobalSection
	GlobalSection(SolutionProperties) = preSolution
		HideSolutionNode = FALSE
	EndGlobalSection
EndGlobal
